# This file is automatically @generated by Cargo.
# It is not intended for manual editing.
version = 4

[[package]]
name = "pulsehub-agent"
version = "0.1.0"
dependencies = [
 "pulsehub-config-store",
 "pulsehub-core",
 "pulsehub-device",
 "pulsehub-ipc",
 "pulsehub-profile",
]

[[package]]
name = "pulsehub-config"
version = "0.1.0"
dependencies = [
 "pulsehub-core",
 "pulsehub-ipc",
]

[[package]]
name = "pulsehub-config-store"
version = "0.1.0"
dependencies = [
 "pulsehub-core",
]

[[package]]
name = "pulsehub-core"
version = "0.1.0"

[[package]]
name = "pulsehub-device"
version = "0.1.0"
dependencies = [
 "pulsehub-core",
]

[[package]]
name = "pulsehub-ipc"
version = "0.1.0"
dependencies = [
 "pulsehub-core",
]

[[package]]
name = "pulsehub-probe"
version = "0.1.0"
dependencies = [
 "pulsehub-device",
]

[[package]]
name = "pulsehub-profile"
version = "0.1.0"
dependencies = [
 "pulsehub-core",
]
